
Microsoft Visual Studio Solution File, Format Version 12.00
# Visual Studio 2012
Project("{FAE04EC0-301F-11D3-BF4B-00C04F79EFBC}") = "PhotoSharingApp.Data", "PhotoSharingApp.Data\PhotoSharingApp.Data.csproj", "{24675691-0CC4-4D0A-989A-CA47D4A5C339}"
EndProject
Project("{FAE04EC0-301F-11D3-BF4B-00C04F79EFBC}") = "PhotoSharingApp.Web", "PhotoSharingApp.Web\PhotoSharingApp.Web.csproj", "{5716C7EE-6D40-40F3-9071-9AE5450899D2}"
EndProject
Global
	GlobalSection(TeamFoundationVersionControl) = preSolution
		SccNumberOfProjects = 3
		SccEnterpriseProvider = {4CA58AB2-18FA-4F8D-95D4-32DDF27D184C}
		SccTeamFoundationServer = http://tfs.itteria.cat/tfs/common
		SccLocalPath0 = .
		SccProjectUniqueName1 = PhotoSharingApp.Data\\PhotoSharingApp.Data.csproj
		SccProjectName1 = PhotoSharingApp.Data
		SccLocalPath1 = PhotoSharingApp.Data
		SccProjectUniqueName2 = PhotoSharingApp.Web\\PhotoSharingApp.Web.csproj
		SccProjectName2 = PhotoSharingApp.Web
		SccLocalPath2 = PhotoSharingApp.Web
	EndGlobalSection
	GlobalSection(SolutionConfigurationPlatforms) = preSolution
		Debug|Any CPU = Debug|Any CPU
		Release|Any CPU = Release|Any CPU
	EndGlobalSection
	GlobalSection(ProjectConfigurationPlatforms) = postSolution
		{24675691-0CC4-4D0A-989A-CA47D4A5C339}.Debug|Any CPU.ActiveCfg = Debug|Any CPU
		{24675691-0CC4-4D0A-989A-CA47D4A5C339}.Debug|Any CPU.Build.0 = Debug|Any CPU
		{24675691-0CC4-4D0A-989A-CA47D4A5C339}.Release|Any CPU.ActiveCfg = Release|Any CPU
		{24675691-0CC4-4D0A-989A-CA47D4A5C339}.Release|Any CPU.Build.0 = Release|Any CPU
		{5716C7EE-6D40-40F3-9071-9AE5450899D2}.Debug|Any CPU.ActiveCfg = Debug|Any CPU
		{5716C7EE-6D40-40F3-9071-9AE5450899D2}.Debug|Any CPU.Build.0 = Debug|Any CPU
		{5716C7EE-6D40-40F3-9071-9AE5450899D2}.Release|Any CPU.ActiveCfg = Release|Any CPU
		{5716C7EE-6D40-40F3-9071-9AE5450899D2}.Release|Any CPU.Build.0 = Release|Any CPU
	EndGlobalSection
	GlobalSection(SolutionProperties) = preSolution
		HideSolutionNode = FALSE
	EndGlobalSection
EndGlobal
