
Microsoft Visual Studio Solution File, Format Version 12.00
# Visual Studio Version 16
VisualStudioVersion = 16.0.30804.86
MinimumVisualStudioVersion = 10.0.40219.1
Project("{FAE04EC0-301F-11D3-BF4B-00C04F79EFBC}") = "PhotoSharingApp.Data", "PhotoSharingApp.Data\PhotoSharingApp.Data.csproj", "{24675691-0CC4-4D0A-989A-CA47D4A5C339}"
EndProject
Project("{FAE04EC0-301F-11D3-BF4B-00C04F79EFBC}") = "PhotoSharingApp.Web", "PhotoSharingApp.Web\PhotoSharingApp.Web.csproj", "{5716C7EE-6D40-40F3-9071-9AE5450899D2}"
EndProject
Project("{FAE04EC0-301F-11D3-BF4B-00C04F79EFBC}") = "WebApplication1", "..\WebApplication1\WebApplication1.csproj", "{2BDD5BD1-1227-4C04-BC71-307ACC7C5BC5}"
EndProject
Global
	GlobalSection(SolutionConfigurationPlatforms) = preSolution
		Debug|Any CPU = Debug|Any CPU
		Release|Any CPU = Release|Any CPU
	EndGlobalSection
	GlobalSection(ProjectConfigurationPlatforms) = postSolution
		{24675691-0CC4-4D0A-989A-CA47D4A5C339}.Debug|Any CPU.ActiveCfg = Debug|Any CPU
		{24675691-0CC4-4D0A-989A-CA47D4A5C339}.Debug|Any CPU.Build.0 = Debug|Any CPU
		{24675691-0CC4-4D0A-989A-CA47D4A5C339}.Release|Any CPU.ActiveCfg = Release|Any CPU
		{24675691-0CC4-4D0A-989A-CA47D4A5C339}.Release|Any CPU.Build.0 = Release|Any CPU
		{5716C7EE-6D40-40F3-9071-9AE5450899D2}.Debug|Any CPU.ActiveCfg = Debug|Any CPU
		{5716C7EE-6D40-40F3-9071-9AE5450899D2}.Debug|Any CPU.Build.0 = Debug|Any CPU
		{5716C7EE-6D40-40F3-9071-9AE5450899D2}.Release|Any CPU.ActiveCfg = Release|Any CPU
		{5716C7EE-6D40-40F3-9071-9AE5450899D2}.Release|Any CPU.Build.0 = Release|Any CPU
		{2BDD5BD1-1227-4C04-BC71-307ACC7C5BC5}.Debug|Any CPU.ActiveCfg = Debug|Any CPU
		{2BDD5BD1-1227-4C04-BC71-307ACC7C5BC5}.Debug|Any CPU.Build.0 = Debug|Any CPU
		{2BDD5BD1-1227-4C04-BC71-307ACC7C5BC5}.Release|Any CPU.ActiveCfg = Release|Any CPU
		{2BDD5BD1-1227-4C04-BC71-307ACC7C5BC5}.Release|Any CPU.Build.0 = Release|Any CPU
	EndGlobalSection
	GlobalSection(SolutionProperties) = preSolution
		HideSolutionNode = FALSE
	EndGlobalSection
	GlobalSection(ExtensibilityGlobals) = postSolution
		SolutionGuid = {C3C97ED6-7B2B-4DAC-8E79-A0B464C7E095}
	EndGlobalSection
EndGlobal
